// !$*UTF8*$!
{
	archiveVersion = 1;
	classes = {
	};
	objectVersion = 56;
	objects = {

/* Begin PBXBuildFile section */
		AA2C595029254F8800108D69 /* FruitNutrientsView.swift in Sources */ = {isa = PBXBuildFile; fileRef = AA2C594F29254F8800108D69 /* FruitNutrientsView.swift */; };
		AA2C59522925580000108D69 /* SettingsView.swift in Sources */ = {isa = PBXBuildFile; fileRef = AA2C59512925580000108D69 /* SettingsView.swift */; };
		AA7C50A0291AE0110061E5CE /* OnboardingView.swift in Sources */ = {isa = PBXBuildFile; fileRef = AA7C509F291AE0110061E5CE /* OnboardingView.swift */; };
		AA7C50A3291AE4E80061E5CE /* FruitModel.swift in Sources */ = {isa = PBXBuildFile; fileRef = AA7C50A2291AE4E80061E5CE /* FruitModel.swift */; };
		AA7C50A6291AE6450061E5CE /* FruitData.swift in Sources */ = {isa = PBXBuildFile; fileRef = AA7C50A5291AE6450061E5CE /* FruitData.swift */; };
		AACC09A2292A613F00B4DF27 /* SettingsLabelView.swift in Sources */ = {isa = PBXBuildFile; fileRef = AACC09A1292A613F00B4DF27 /* SettingsLabelView.swift */; };
		AACDF1A4291968540040AA70 /* FruitsApp_SwiftUIApp.swift in Sources */ = {isa = PBXBuildFile; fileRef = AACDF1A3291968540040AA70 /* FruitsApp_SwiftUIApp.swift */; };
		AACDF1A6291968540040AA70 /* ContentView.swift in Sources */ = {isa = PBXBuildFile; fileRef = AACDF1A5291968540040AA70 /* ContentView.swift */; };
		AACDF1A8291968550040AA70 /* Assets.xcassets in Resources */ = {isa = PBXBuildFile; fileRef = AACDF1A7291968550040AA70 /* Assets.xcassets */; };
		AACDF1AB291968550040AA70 /* Preview Assets.xcassets in Resources */ = {isa = PBXBuildFile; fileRef = AACDF1AA291968550040AA70 /* Preview Assets.xcassets */; };
		AACDF1B429196F5E0040AA70 /* FruitCardView.swift in Sources */ = {isa = PBXBuildFile; fileRef = AACDF1B329196F5E0040AA70 /* FruitCardView.swift */; };
		AACDF1B6291974D80040AA70 /* StartButtonView.swift in Sources */ = {isa = PBXBuildFile; fileRef = AACDF1B5291974D80040AA70 /* StartButtonView.swift */; };
		AAE225252922D19B00DDEB0E /* FruitDetailView.swift in Sources */ = {isa = PBXBuildFile; fileRef = AAE225242922D19B00DDEB0E /* FruitDetailView.swift */; };
		AAE225272922D69200DDEB0E /* FruitHeaderView.swift in Sources */ = {isa = PBXBuildFile; fileRef = AAE225262922D69200DDEB0E /* FruitHeaderView.swift */; };
		AAE2252A2922DAC300DDEB0E /* SourceLinkView.swift in Sources */ = {isa = PBXBuildFile; fileRef = AAE225292922DAC300DDEB0E /* SourceLinkView.swift */; };
		AAF0E89C291C1B4300318D5D /* FruitRowView.swift in Sources */ = {isa = PBXBuildFile; fileRef = AAF0E89B291C1B4300318D5D /* FruitRowView.swift */; };
/* End PBXBuildFile section */

/* Begin PBXFileReference section */
		AA2C594F29254F8800108D69 /* FruitNutrientsView.swift */ = {isa = PBXFileReference; lastKnownFileType = sourcecode.swift; path = FruitNutrientsView.swift; sourceTree = "<group>"; };
		AA2C59512925580000108D69 /* SettingsView.swift */ = {isa = PBXFileReference; lastKnownFileType = sourcecode.swift; path = SettingsView.swift; sourceTree = "<group>"; };
		AA7C509F291AE0110061E5CE /* OnboardingView.swift */ = {isa = PBXFileReference; lastKnownFileType = sourcecode.swift; path = OnboardingView.swift; sourceTree = "<group>"; };
		AA7C50A2291AE4E80061E5CE /* FruitModel.swift */ = {isa = PBXFileReference; lastKnownFileType = sourcecode.swift; path = FruitModel.swift; sourceTree = "<group>"; };
		AA7C50A5291AE6450061E5CE /* FruitData.swift */ = {isa = PBXFileReference; lastKnownFileType = sourcecode.swift; path = FruitData.swift; sourceTree = "<group>"; };
		AACC09A1292A613F00B4DF27 /* SettingsLabelView.swift */ = {isa = PBXFileReference; lastKnownFileType = sourcecode.swift; path = SettingsLabelView.swift; sourceTree = "<group>"; };
		AACDF1A0291968540040AA70 /* FruitsApp_SwiftUI.app */ = {isa = PBXFileReference; explicitFileType = wrapper.application; includeInIndex = 0; path = FruitsApp_SwiftUI.app; sourceTree = BUILT_PRODUCTS_DIR; };
		AACDF1A3291968540040AA70 /* FruitsApp_SwiftUIApp.swift */ = {isa = PBXFileReference; lastKnownFileType = sourcecode.swift; path = FruitsApp_SwiftUIApp.swift; sourceTree = "<group>"; };
		AACDF1A5291968540040AA70 /* ContentView.swift */ = {isa = PBXFileReference; lastKnownFileType = sourcecode.swift; path = ContentView.swift; sourceTree = "<group>"; };
		AACDF1A7291968550040AA70 /* Assets.xcassets */ = {isa = PBXFileReference; lastKnownFileType = folder.assetcatalog; path = Assets.xcassets; sourceTree = "<group>"; };
		AACDF1AA291968550040AA70 /* Preview Assets.xcassets */ = {isa = PBXFileReference; lastKnownFileType = folder.assetcatalog; path = "Preview Assets.xcassets"; sourceTree = "<group>"; };
		AACDF1B329196F5E0040AA70 /* FruitCardView.swift */ = {isa = PBXFileReference; lastKnownFileType = sourcecode.swift; path = FruitCardView.swift; sourceTree = "<group>"; };
		AACDF1B5291974D80040AA70 /* StartButtonView.swift */ = {isa = PBXFileReference; lastKnownFileType = sourcecode.swift; path = StartButtonView.swift; sourceTree = "<group>"; };
		AAE225242922D19B00DDEB0E /* FruitDetailView.swift */ = {isa = PBXFileReference; lastKnownFileType = sourcecode.swift; path = FruitDetailView.swift; sourceTree = "<group>"; };
		AAE225262922D69200DDEB0E /* FruitHeaderView.swift */ = {isa = PBXFileReference; lastKnownFileType = sourcecode.swift; path = FruitHeaderView.swift; sourceTree = "<group>"; };
		AAE225292922DAC300DDEB0E /* SourceLinkView.swift */ = {isa = PBXFileReference; lastKnownFileType = sourcecode.swift; path = SourceLinkView.swift; sourceTree = "<group>"; };
		AAF0E89B291C1B4300318D5D /* FruitRowView.swift */ = {isa = PBXFileReference; lastKnownFileType = sourcecode.swift; path = FruitRowView.swift; sourceTree = "<group>"; };
/* End PBXFileReference section */

/* Begin PBXFrameworksBuildPhase section */
		AACDF19D291968540040AA70 /* Frameworks */ = {
			isa = PBXFrameworksBuildPhase;
			buildActionMask = 2147483647;
			files = (
			);
			runOnlyForDeploymentPostprocessing = 0;
		};
/* End PBXFrameworksBuildPhase section */

/* Begin PBXGroup section */
		AA7C50A1291AE4D40061E5CE /* Model */ = {
			isa = PBXGroup;
			children = (
				AA7C50A2291AE4E80061E5CE /* FruitModel.swift */,
			);
			path = Model;
			sourceTree = "<group>";
		};
		AA7C50A4291AE6320061E5CE /* Data */ = {
			isa = PBXGroup;
			children = (
				AA7C50A5291AE6450061E5CE /* FruitData.swift */,
			);
			path = Data;
			sourceTree = "<group>";
		};
		AACDF197291968540040AA70 = {
			isa = PBXGroup;
			children = (
				AACDF1A2291968540040AA70 /* FruitsApp_SwiftUI */,
				AACDF1A1291968540040AA70 /* Products */,
			);
			sourceTree = "<group>";
		};
		AACDF1A1291968540040AA70 /* Products */ = {
			isa = PBXGroup;
			children = (
				AACDF1A0291968540040AA70 /* FruitsApp_SwiftUI.app */,
			);
			name = Products;
			sourceTree = "<group>";
		};
		AACDF1A2291968540040AA70 /* FruitsApp_SwiftUI */ = {
			isa = PBXGroup;
			children = (
				AA7C50A4291AE6320061E5CE /* Data */,
				AA7C50A1291AE4D40061E5CE /* Model */,
				AACDF1B229196F2B0040AA70 /* View */,
				AACDF1B129196EE80040AA70 /* App */,
				AACDF1A7291968550040AA70 /* Assets.xcassets */,
				AACDF1A9291968550040AA70 /* Preview Content */,
			);
			path = FruitsApp_SwiftUI;
			sourceTree = "<group>";
		};
		AACDF1A9291968550040AA70 /* Preview Content */ = {
			isa = PBXGroup;
			children = (
				AACDF1AA291968550040AA70 /* Preview Assets.xcassets */,
			);
			path = "Preview Content";
			sourceTree = "<group>";
		};
		AACDF1B129196EE80040AA70 /* App */ = {
			isa = PBXGroup;
			children = (
				AACDF1A3291968540040AA70 /* FruitsApp_SwiftUIApp.swift */,
				AACDF1A5291968540040AA70 /* ContentView.swift */,
				AA7C509F291AE0110061E5CE /* OnboardingView.swift */,
				AAE225242922D19B00DDEB0E /* FruitDetailView.swift */,
				AA2C59512925580000108D69 /* SettingsView.swift */,
			);
			path = App;
			sourceTree = "<group>";
		};
		AACDF1B229196F2B0040AA70 /* View */ = {
			isa = PBXGroup;
			children = (
				AACDF1B329196F5E0040AA70 /* FruitCardView.swift */,
				AACDF1B5291974D80040AA70 /* StartButtonView.swift */,
				AAF0E89B291C1B4300318D5D /* FruitRowView.swift */,
				AAE225262922D69200DDEB0E /* FruitHeaderView.swift */,
				AAE225292922DAC300DDEB0E /* SourceLinkView.swift */,
				AA2C594F29254F8800108D69 /* FruitNutrientsView.swift */,
				AACC09A1292A613F00B4DF27 /* SettingsLabelView.swift */,
			);
			path = View;
			sourceTree = "<group>";
		};
/* End PBXGroup section */

/* Begin PBXNativeTarget section */
		AACDF19F291968540040AA70 /* FruitsApp_SwiftUI */ = {
			isa = PBXNativeTarget;
			buildConfigurationList = AACDF1AE291968550040AA70 /* Build configuration list for PBXNativeTarget "FruitsApp_SwiftUI" */;
			buildPhases = (
				AACDF19C291968540040AA70 /* Sources */,
				AACDF19D291968540040AA70 /* Frameworks */,
				AACDF19E291968540040AA70 /* Resources */,
			);
			buildRules = (
			);
			dependencies = (
			);
			name = FruitsApp_SwiftUI;
			productName = FruitsApp_SwiftUI;
			productReference = AACDF1A0291968540040AA70 /* FruitsApp_SwiftUI.app */;
			productType = "com.apple.product-type.application";
		};
/* End PBXNativeTarget section */

/* Begin PBXProject section */
		AACDF198291968540040AA70 /* Project object */ = {
			isa = PBXProject;
			attributes = {
				BuildIndependentTargetsInParallel = 1;
				LastSwiftUpdateCheck = 1410;
				LastUpgradeCheck = 1410;
				TargetAttributes = {
					AACDF19F291968540040AA70 = {
						CreatedOnToolsVersion = 14.1;
					};
				};
			};
			buildConfigurationList = AACDF19B291968540040AA70 /* Build configuration list for PBXProject "FruitsApp_SwiftUI" */;
			compatibilityVersion = "Xcode 14.0";
			developmentRegion = en;
			hasScannedForEncodings = 0;
			knownRegions = (
				en,
				Base,
			);
			mainGroup = AACDF197291968540040AA70;
			productRefGroup = AACDF1A1291968540040AA70 /* Products */;
			projectDirPath = "";
			projectRoot = "";
			targets = (
				AACDF19F291968540040AA70 /* FruitsApp_SwiftUI */,
			);
		};
/* End PBXProject section */

/* Begin PBXResourcesBuildPhase section */
		AACDF19E291968540040AA70 /* Resources */ = {
			isa = PBXResourcesBuildPhase;
			buildActionMask = 2147483647;
			files = (
				AACDF1AB291968550040AA70 /* Preview Assets.xcassets in Resources */,
				AACDF1A8291968550040AA70 /* Assets.xcassets in Resources */,
			);
			runOnlyForDeploymentPostprocessing = 0;
		};
/* End PBXResourcesBuildPhase section */

/* Begin PBXSourcesBuildPhase section */
		AACDF19C291968540040AA70 /* Sources */ = {
			isa = PBXSourcesBuildPhase;
			buildActionMask = 2147483647;
			files = (
				AA7C50A6291AE6450061E5CE /* FruitData.swift in Sources */,
				AAE2252A2922DAC300DDEB0E /* SourceLinkView.swift in Sources */,
				AACDF1B429196F5E0040AA70 /* FruitCardView.swift in Sources */,
				AAF0E89C291C1B4300318D5D /* FruitRowView.swift in Sources */,
				AA2C595029254F8800108D69 /* FruitNutrientsView.swift in Sources */,
				AACDF1B6291974D80040AA70 /* StartButtonView.swift in Sources */,
				AAE225252922D19B00DDEB0E /* FruitDetailView.swift in Sources */,
				AACDF1A6291968540040AA70 /* ContentView.swift in Sources */,
				AAE225272922D69200DDEB0E /* FruitHeaderView.swift in Sources */,
				AA7C50A0291AE0110061E5CE /* OnboardingView.swift in Sources */,
				AACC09A2292A613F00B4DF27 /* SettingsLabelView.swift in Sources */,
				AA7C50A3291AE4E80061E5CE /* FruitModel.swift in Sources */,
				AACDF1A4291968540040AA70 /* FruitsApp_SwiftUIApp.swift in Sources */,
				AA2C59522925580000108D69 /* SettingsView.swift in Sources */,
			);
			runOnlyForDeploymentPostprocessing = 0;
		};
/* End PBXSourcesBuildPhase section */

/* Begin XCBuildConfiguration section */
		AACDF1AC291968550040AA70 /* Debug */ = {
			isa = XCBuildConfiguration;
			buildSettings = {
				ALWAYS_SEARCH_USER_PATHS = NO;
				CLANG_ANALYZER_NONNULL = YES;
				CLANG_ANALYZER_NUMBER_OBJECT_CONVERSION = YES_AGGRESSIVE;
				CLANG_CXX_LANGUAGE_STANDARD = "gnu++20";
				CLANG_ENABLE_MODULES = YES;
				CLANG_ENABLE_OBJC_ARC = YES;
				CLANG_ENABLE_OBJC_WEAK = YES;
				CLANG_WARN_BLOCK_CAPTURE_AUTORELEASING = YES;
				CLANG_WARN_BOOL_CONVERSION = YES;
				CLANG_WARN_COMMA = YES;
				CLANG_WARN_CONSTANT_CONVERSION = YES;
				CLANG_WARN_DEPRECATED_OBJC_IMPLEMENTATIONS = YES;
				CLANG_WARN_DIRECT_OBJC_ISA_USAGE = YES_ERROR;
				CLANG_WARN_DOCUMENTATION_COMMENTS = YES;
				CLANG_WARN_EMPTY_BODY = YES;
				CLANG_WARN_ENUM_CONVERSION = YES;
				CLANG_WARN_INFINITE_RECURSION = YES;
				CLANG_WARN_INT_CONVERSION = YES;
				CLANG_WARN_NON_LITERAL_NULL_CONVERSION = YES;
				CLANG_WARN_OBJC_IMPLICIT_RETAIN_SELF = YES;
				CLANG_WARN_OBJC_LITERAL_CONVERSION = YES;
				CLANG_WARN_OBJC_ROOT_CLASS = YES_ERROR;
				CLANG_WARN_QUOTED_INCLUDE_IN_FRAMEWORK_HEADER = YES;
				CLANG_WARN_RANGE_LOOP_ANALYSIS = YES;
				CLANG_WARN_STRICT_PROTOTYPES = YES;
				CLANG_WARN_SUSPICIOUS_MOVE = YES;
				CLANG_WARN_UNGUARDED_AVAILABILITY = YES_AGGRESSIVE;
				CLANG_WARN_UNREACHABLE_CODE = YES;
				CLANG_WARN__DUPLICATE_METHOD_MATCH = YES;
				COPY_PHASE_STRIP = NO;
				DEBUG_INFORMATION_FORMAT = dwarf;
				ENABLE_STRICT_OBJC_MSGSEND = YES;
				ENABLE_TESTABILITY = YES;
				GCC_C_LANGUAGE_STANDARD = gnu11;
				GCC_DYNAMIC_NO_PIC = NO;
				GCC_NO_COMMON_BLOCKS = YES;
				GCC_OPTIMIZATION_LEVEL = 0;
				GCC_PREPROCESSOR_DEFINITIONS = (
					"DEBUG=1",
					"$(inherited)",
				);
				GCC_WARN_64_TO_32_BIT_CONVERSION = YES;
				GCC_WARN_ABOUT_RETURN_TYPE = YES_ERROR;
				GCC_WARN_UNDECLARED_SELECTOR = YES;
				GCC_WARN_UNINITIALIZED_AUTOS = YES_AGGRESSIVE;
				GCC_WARN_UNUSED_FUNCTION = YES;
				GCC_WARN_UNUSED_VARIABLE = YES;
				IPHONEOS_DEPLOYMENT_TARGET = 16.1;
				MTL_ENABLE_DEBUG_INFO = INCLUDE_SOURCE;
				MTL_FAST_MATH = YES;
				ONLY_ACTIVE_ARCH = YES;
				SDKROOT = iphoneos;
				SWIFT_ACTIVE_COMPILATION_CONDITIONS = DEBUG;
				SWIFT_OPTIMIZATION_LEVEL = "-Onone";
			};
			name = Debug;
		};
		AACDF1AD291968550040AA70 /* Release */ = {
			isa = XCBuildConfiguration;
			buildSettings = {
				ALWAYS_SEARCH_USER_PATHS = NO;
				CLANG_ANALYZER_NONNULL = YES;
				CLANG_ANALYZER_NUMBER_OBJECT_CONVERSION = YES_AGGRESSIVE;
				CLANG_CXX_LANGUAGE_STANDARD = "gnu++20";
				CLANG_ENABLE_MODULES = YES;
				CLANG_ENABLE_OBJC_ARC = YES;
				CLANG_ENABLE_OBJC_WEAK = YES;
				CLANG_WARN_BLOCK_CAPTURE_AUTORELEASING = YES;
				CLANG_WARN_BOOL_CONVERSION = YES;
				CLANG_WARN_COMMA = YES;
				CLANG_WARN_CONSTANT_CONVERSION = YES;
				CLANG_WARN_DEPRECATED_OBJC_IMPLEMENTATIONS = YES;
				CLANG_WARN_DIRECT_OBJC_ISA_USAGE = YES_ERROR;
				CLANG_WARN_DOCUMENTATION_COMMENTS = YES;
				CLANG_WARN_EMPTY_BODY = YES;
				CLANG_WARN_ENUM_CONVERSION = YES;
				CLANG_WARN_INFINITE_RECURSION = YES;
				CLANG_WARN_INT_CONVERSION = YES;
				CLANG_WARN_NON_LITERAL_NULL_CONVERSION = YES;
				CLANG_WARN_OBJC_IMPLICIT_RETAIN_SELF = YES;
				CLANG_WARN_OBJC_LITERAL_CONVERSION = YES;
				CLANG_WARN_OBJC_ROOT_CLASS = YES_ERROR;
				CLANG_WARN_QUOTED_INCLUDE_IN_FRAMEWORK_HEADER = YES;
				CLANG_WARN_RANGE_LOOP_ANALYSIS = YES;
				CLANG_WARN_STRICT_PROTOTYPES = YES;
				CLANG_WARN_SUSPICIOUS_MOVE = YES;
				CLANG_WARN_UNGUARDED_AVAILABILITY = YES_AGGRESSIVE;
				CLANG_WARN_UNREACHABLE_CODE = YES;
				CLANG_WARN__DUPLICATE_METHOD_MATCH = YES;
				COPY_PHASE_STRIP = NO;
				DEBUG_INFORMATION_FORMAT = "dwarf-with-dsym";
				ENABLE_NS_ASSERTIONS = NO;
				ENABLE_STRICT_OBJC_MSGSEND = YES;
				GCC_C_LANGUAGE_STANDARD = gnu11;
				GCC_NO_COMMON_BLOCKS = YES;
				GCC_WARN_64_TO_32_BIT_CONVERSION = YES;
				GCC_WARN_ABOUT_RETURN_TYPE = YES_ERROR;
				GCC_WARN_UNDECLARED_SELECTOR = YES;
				GCC_WARN_UNINITIALIZED_AUTOS = YES_AGGRESSIVE;
				GCC_WARN_UNUSED_FUNCTION = YES;
				GCC_WARN_UNUSED_VARIABLE = YES;
				IPHONEOS_DEPLOYMENT_TARGET = 16.1;
				MTL_ENABLE_DEBUG_INFO = NO;
				MTL_FAST_MATH = YES;
				SDKROOT = iphoneos;
				SWIFT_COMPILATION_MODE = wholemodule;
				SWIFT_OPTIMIZATION_LEVEL = "-O";
				VALIDATE_PRODUCT = YES;
			};
			name = Release;
		};
		AACDF1AF291968550040AA70 /* Debug */ = {
			isa = XCBuildConfiguration;
			buildSettings = {
				ASSETCATALOG_COMPILER_APPICON_NAME = AppIcon;
				ASSETCATALOG_COMPILER_GLOBAL_ACCENT_COLOR_NAME = AccentColor;
				CODE_SIGN_STYLE = Automatic;
				CURRENT_PROJECT_VERSION = 1;
				DEVELOPMENT_ASSET_PATHS = "\"FruitsApp_SwiftUI/Preview Content\"";
				DEVELOPMENT_TEAM = 3C46X4Z4X4;
				ENABLE_PREVIEWS = YES;
				GENERATE_INFOPLIST_FILE = YES;
				INFOPLIST_KEY_UIApplicationSceneManifest_Generation = YES;
				INFOPLIST_KEY_UIApplicationSupportsIndirectInputEvents = YES;
				INFOPLIST_KEY_UILaunchScreen_Generation = YES;
				INFOPLIST_KEY_UISupportedInterfaceOrientations = UIInterfaceOrientationPortrait;
				INFOPLIST_KEY_UISupportedInterfaceOrientations_iPad = "UIInterfaceOrientationLandscapeLeft UIInterfaceOrientationLandscapeRight UIInterfaceOrientationPortrait UIInterfaceOrientationPortraitUpsideDown";
				IPHONEOS_DEPLOYMENT_TARGET = 15.0;
				LD_RUNPATH_SEARCH_PATHS = (
					"$(inherited)",
					"@executable_path/Frameworks",
				);
				MARKETING_VERSION = 1.0;
				PRODUCT_BUNDLE_IDENTIFIER = "iashurkov.FruitsApp-SwiftUI";
				PRODUCT_NAME = "$(TARGET_NAME)";
				SWIFT_EMIT_LOC_STRINGS = YES;
				SWIFT_VERSION = 5.0;
				TARGETED_DEVICE_FAMILY = "1,2";
			};
			name = Debug;
		};
		AACDF1B0291968550040AA70 /* Release */ = {
			isa = XCBuildConfiguration;
			buildSettings = {
				ASSETCATALOG_COMPILER_APPICON_NAME = AppIcon;
				ASSETCATALOG_COMPILER_GLOBAL_ACCENT_COLOR_NAME = AccentColor;
				CODE_SIGN_STYLE = Automatic;
				CURRENT_PROJECT_VERSION = 1;
				DEVELOPMENT_ASSET_PATHS = "\"FruitsApp_SwiftUI/Preview Content\"";
				DEVELOPMENT_TEAM = 3C46X4Z4X4;
				ENABLE_PREVIEWS = YES;
				GENERATE_INFOPLIST_FILE = YES;
				INFOPLIST_KEY_UIApplicationSceneManifest_Generation = YES;
				INFOPLIST_KEY_UIApplicationSupportsIndirectInputEvents = YES;
				INFOPLIST_KEY_UILaunchScreen_Generation = YES;
				INFOPLIST_KEY_UISupportedInterfaceOrientations = UIInterfaceOrientationPortrait;
				INFOPLIST_KEY_UISupportedInterfaceOrientations_iPad = "UIInterfaceOrientationLandscapeLeft UIInterfaceOrientationLandscapeRight UIInterfaceOrientationPortrait UIInterfaceOrientationPortraitUpsideDown";
				IPHONEOS_DEPLOYMENT_TARGET = 15.0;
				LD_RUNPATH_SEARCH_PATHS = (
					"$(inherited)",
					"@executable_path/Frameworks",
				);
				MARKETING_VERSION = 1.0;
				PRODUCT_BUNDLE_IDENTIFIER = "iashurkov.FruitsApp-SwiftUI";
				PRODUCT_NAME = "$(TARGET_NAME)";
				SWIFT_EMIT_LOC_STRINGS = YES;
				SWIFT_VERSION = 5.0;
				TARGETED_DEVICE_FAMILY = "1,2";
			};
			name = Release;
		};
/* End XCBuildConfiguration section */

/* Begin XCConfigurationList section */
		AACDF19B291968540040AA70 /* Build configuration list for PBXProject "FruitsApp_SwiftUI" */ = {
			isa = XCConfigurationList;
			buildConfigurations = (
				AACDF1AC291968550040AA70 /* Debug */,
				AACDF1AD291968550040AA70 /* Release */,
			);
			defaultConfigurationIsVisible = 0;
			defaultConfigurationName = Release;
		};
		AACDF1AE291968550040AA70 /* Build configuration list for PBXNativeTarget "FruitsApp_SwiftUI" */ = {
			isa = XCConfigurationList;
			buildConfigurations = (
				AACDF1AF291968550040AA70 /* Debug */,
				AACDF1B0291968550040AA70 /* Release */,
			);
			defaultConfigurationIsVisible = 0;
			defaultConfigurationName = Release;
		};
/* End XCConfigurationList section */
	};
	rootObject = AACDF198291968540040AA70 /* Project object */;
}
